// !$*UTF8*$!
{
	archiveVersion = 1;
	classes = {
	};
	objectVersion = 50;
	objects = {

/* Begin PBXBuildFile section */
		2A26A15E27FD86DD006C511D /* MacOsApp.swift in Sources */ = {isa = PBXBuildFile; fileRef = 2A26A15D27FD86DD006C511D /* MacOsApp.swift */; };
		2A26A16027FD86DD006C511D /* ContentView.swift in Sources */ = {isa = PBXBuildFile; fileRef = 2A26A15F27FD86DD006C511D /* ContentView.swift */; };
		2A26A16227FD86DF006C511D /* Assets.xcassets in Resources */ = {isa = PBXBuildFile; fileRef = 2A26A16127FD86DF006C511D /* Assets.xcassets */; };
		2A26A16527FD86DF006C511D /* Preview Assets.xcassets in Resources */ = {isa = PBXBuildFile; fileRef = 2A26A16427FD86DF006C511D /* Preview Assets.xcassets */; };
		73D7B8CC6E9079CDA79C8408 /* Pods_MacOs.framework in Frameworks */ = {isa = PBXBuildFile; fileRef = 1B946254D3C2DD0C07767619 /* Pods_MacOs.framework */; };
/* End PBXBuildFile section */

/* Begin PBXFileReference section */
		1B946254D3C2DD0C07767619 /* Pods_MacOs.framework */ = {isa = PBXFileReference; explicitFileType = wrapper.framework; includeInIndex = 0; path = Pods_MacOs.framework; sourceTree = BUILT_PRODUCTS_DIR; };
		2A26A15A27FD86DD006C511D /* MacOs.app */ = {isa = PBXFileReference; explicitFileType = wrapper.application; includeInIndex = 0; path = MacOs.app; sourceTree = BUILT_PRODUCTS_DIR; };
		2A26A15D27FD86DD006C511D /* MacOsApp.swift */ = {isa = PBXFileReference; lastKnownFileType = sourcecode.swift; path = MacOsApp.swift; sourceTree = "<group>"; };
		2A26A15F27FD86DD006C511D /* ContentView.swift */ = {isa = PBXFileReference; lastKnownFileType = sourcecode.swift; path = ContentView.swift; sourceTree = "<group>"; };
		2A26A16127FD86DF006C511D /* Assets.xcassets */ = {isa = PBXFileReference; lastKnownFileType = folder.assetcatalog; path = Assets.xcassets; sourceTree = "<group>"; };
		2A26A16427FD86DF006C511D /* Preview Assets.xcassets */ = {isa = PBXFileReference; lastKnownFileType = folder.assetcatalog; path = "Preview Assets.xcassets"; sourceTree = "<group>"; };
		2A26A16627FD86DF006C511D /* Info.plist */ = {isa = PBXFileReference; lastKnownFileType = text.plist.xml; path = Info.plist; sourceTree = "<group>"; };
		2A26A16727FD86DF006C511D /* MacOs.entitlements */ = {isa = PBXFileReference; lastKnownFileType = text.plist.entitlements; path = MacOs.entitlements; sourceTree = "<group>"; };
		77E1B67045846FE1FE36861B /* Pods-MacOs.release.xcconfig */ = {isa = PBXFileReference; includeInIndex = 1; lastKnownFileType = text.xcconfig; name = "Pods-MacOs.release.xcconfig"; path = "Target Support Files/Pods-MacOs/Pods-MacOs.release.xcconfig"; sourceTree = "<group>"; };
		E687712049452CF5B75A1690 /* Pods-MacOs.debug.xcconfig */ = {isa = PBXFileReference; includeInIndex = 1; lastKnownFileType = text.xcconfig; name = "Pods-MacOs.debug.xcconfig"; path = "Target Support Files/Pods-MacOs/Pods-MacOs.debug.xcconfig"; sourceTree = "<group>"; };
/* End PBXFileReference section */

/* Begin PBXFrameworksBuildPhase section */
		2A26A15727FD86DD006C511D /* Frameworks */ = {
			isa = PBXFrameworksBuildPhase;
			buildActionMask = 2147483647;
			files = (
				73D7B8CC6E9079CDA79C8408 /* Pods_MacOs.framework in Frameworks */,
			);
			runOnlyForDeploymentPostprocessing = 0;
		};
/* End PBXFrameworksBuildPhase section */

/* Begin PBXGroup section */
		1B7305269F7BE5961413D644 /* Frameworks */ = {
			isa = PBXGroup;
			children = (
				1B946254D3C2DD0C07767619 /* Pods_MacOs.framework */,
			);
			name = Frameworks;
			sourceTree = "<group>";
		};
		2A26A15127FD86DD006C511D = {
			isa = PBXGroup;
			children = (
				2A26A15C27FD86DD006C511D /* MacOs */,
				2A26A15B27FD86DD006C511D /* Products */,
				4352640902914C213DF70F01 /* Pods */,
				1B7305269F7BE5961413D644 /* Frameworks */,
			);
			sourceTree = "<group>";
		};
		2A26A15B27FD86DD006C511D /* Products */ = {
			isa = PBXGroup;
			children = (
				2A26A15A27FD86DD006C511D /* MacOs.app */,
			);
			name = Products;
			sourceTree = "<group>";
		};
		2A26A15C27FD86DD006C511D /* MacOs */ = {
			isa = PBXGroup;
			children = (
				2A26A15D27FD86DD006C511D /* MacOsApp.swift */,
				2A26A15F27FD86DD006C511D /* ContentView.swift */,
				2A26A16127FD86DF006C511D /* Assets.xcassets */,
				2A26A16627FD86DF006C511D /* Info.plist */,
				2A26A16727FD86DF006C511D /* MacOs.entitlements */,
				2A26A16327FD86DF006C511D /* Preview Content */,
			);
			path = MacOs;
			sourceTree = "<group>";
		};
		2A26A16327FD86DF006C511D /* Preview Content */ = {
			isa = PBXGroup;
			children = (
				2A26A16427FD86DF006C511D /* Preview Assets.xcassets */,
			);
			path = "Preview Content";
			sourceTree = "<group>";
		};
		4352640902914C213DF70F01 /* Pods */ = {
			isa = PBXGroup;
			children = (
				E687712049452CF5B75A1690 /* Pods-MacOs.debug.xcconfig */,
				77E1B67045846FE1FE36861B /* Pods-MacOs.release.xcconfig */,
			);
			name = Pods;
			path = Pods;
			sourceTree = "<group>";
		};
/* End PBXGroup section */

/* Begin PBXNativeTarget section */
		2A26A15927FD86DD006C511D /* MacOs */ = {
			isa = PBXNativeTarget;
			buildConfigurationList = 2A26A16A27FD86DF006C511D /* Build configuration list for PBXNativeTarget "MacOs" */;
			buildPhases = (
				0BE8E487A8EB454042580043 /* [CP] Check Pods Manifest.lock */,
				2A26A15627FD86DD006C511D /* Sources */,
				2A26A15727FD86DD006C511D /* Frameworks */,
				2A26A15827FD86DD006C511D /* Resources */,
			);
			buildRules = (
			);
			dependencies = (
			);
			name = MacOs;
			productName = MacOs;
			productReference = 2A26A15A27FD86DD006C511D /* MacOs.app */;
			productType = "com.apple.product-type.application";
		};
/* End PBXNativeTarget section */

/* Begin PBXProject section */
		2A26A15227FD86DD006C511D /* Project object */ = {
			isa = PBXProject;
			attributes = {
				LastSwiftUpdateCheck = 1240;
				LastUpgradeCheck = 1240;
				TargetAttributes = {
					2A26A15927FD86DD006C511D = {
						CreatedOnToolsVersion = 12.4;
					};
				};
			};
			buildConfigurationList = 2A26A15527FD86DD006C511D /* Build configuration list for PBXProject "MacOs" */;
			compatibilityVersion = "Xcode 9.3";
			developmentRegion = en;
			hasScannedForEncodings = 0;
			knownRegions = (
				en,
				Base,
			);
			mainGroup = 2A26A15127FD86DD006C511D;
			productRefGroup = 2A26A15B27FD86DD006C511D /* Products */;
			projectDirPath = "";
			projectRoot = "";
			targets = (
				2A26A15927FD86DD006C511D /* MacOs */,
			);
		};
/* End PBXProject section */

/* Begin PBXResourcesBuildPhase section */
		2A26A15827FD86DD006C511D /* Resources */ = {
			isa = PBXResourcesBuildPhase;
			buildActionMask = 2147483647;
			files = (
				2A26A16527FD86DF006C511D /* Preview Assets.xcassets in Resources */,
				2A26A16227FD86DF006C511D /* Assets.xcassets in Resources */,
			);
			runOnlyForDeploymentPostprocessing = 0;
		};
/* End PBXResourcesBuildPhase section */

/* Begin PBXShellScriptBuildPhase section */
		0BE8E487A8EB454042580043 /* [CP] Check Pods Manifest.lock */ = {
			isa = PBXShellScriptBuildPhase;
			buildActionMask = 2147483647;
			files = (
			);
			inputFileListPaths = (
			);
			inputPaths = (
				"${PODS_PODFILE_DIR_PATH}/Podfile.lock",
				"${PODS_ROOT}/Manifest.lock",
			);
			name = "[CP] Check Pods Manifest.lock";
			outputFileListPaths = (
			);
			outputPaths = (
				"$(DERIVED_FILE_DIR)/Pods-MacOs-checkManifestLockResult.txt",
			);
			runOnlyForDeploymentPostprocessing = 0;
			shellPath = /bin/sh;
			shellScript = "diff \"${PODS_PODFILE_DIR_PATH}/Podfile.lock\" \"${PODS_ROOT}/Manifest.lock\" > /dev/null\nif [ $? != 0 ] ; then\n    # print error to STDERR\n    echo \"error: The sandbox is not in sync with the Podfile.lock. Run 'pod install' or update your CocoaPods installation.\" >&2\n    exit 1\nfi\n# This output is used by Xcode 'outputs' to avoid re-running this script phase.\necho \"SUCCESS\" > \"${SCRIPT_OUTPUT_FILE_0}\"\n";
			showEnvVarsInLog = 0;
		};
/* End PBXShellScriptBuildPhase section */

/* Begin PBXSourcesBuildPhase section */
		2A26A15627FD86DD006C511D /* Sources */ = {
			isa = PBXSourcesBuildPhase;
			buildActionMask = 2147483647;
			files = (
				2A26A16027FD86DD006C511D /* ContentView.swift in Sources */,
				2A26A15E27FD86DD006C511D /* MacOsApp.swift in Sources */,
			);
			runOnlyForDeploymentPostprocessing = 0;
		};
/* End PBXSourcesBuildPhase section */

/* Begin XCBuildConfiguration section */
		2A26A16827FD86DF006C511D /* Debug */ = {
			isa = XCBuildConfiguration;
			buildSettings = {
				ALWAYS_SEARCH_USER_PATHS = NO;
				CLANG_ANALYZER_NONNULL = YES;
				CLANG_ANALYZER_NUMBER_OBJECT_CONVERSION = YES_AGGRESSIVE;
				CLANG_CXX_LANGUAGE_STANDARD = "gnu++14";
				CLANG_CXX_LIBRARY = "libc++";
				CLANG_ENABLE_MODULES = YES;
				CLANG_ENABLE_OBJC_ARC = YES;
				CLANG_ENABLE_OBJC_WEAK = YES;
				CLANG_WARN_BLOCK_CAPTURE_AUTORELEASING = YES;
				CLANG_WARN_BOOL_CONVERSION = YES;
				CLANG_WARN_COMMA = YES;
				CLANG_WARN_CONSTANT_CONVERSION = YES;
				CLANG_WARN_DEPRECATED_OBJC_IMPLEMENTATIONS = YES;
				CLANG_WARN_DIRECT_OBJC_ISA_USAGE = YES_ERROR;
				CLANG_WARN_DOCUMENTATION_COMMENTS = YES;
				CLANG_WARN_EMPTY_BODY = YES;
				CLANG_WARN_ENUM_CONVERSION = YES;
				CLANG_WARN_INFINITE_RECURSION = YES;
				CLANG_WARN_INT_CONVERSION = YES;
				CLANG_WARN_NON_LITERAL_NULL_CONVERSION = YES;
				CLANG_WARN_OBJC_IMPLICIT_RETAIN_SELF = YES;
				CLANG_WARN_OBJC_LITERAL_CONVERSION = YES;
				CLANG_WARN_OBJC_ROOT_CLASS = YES_ERROR;
				CLANG_WARN_QUOTED_INCLUDE_IN_FRAMEWORK_HEADER = YES;
				CLANG_WARN_RANGE_LOOP_ANALYSIS = YES;
				CLANG_WARN_STRICT_PROTOTYPES = YES;
				CLANG_WARN_SUSPICIOUS_MOVE = YES;
				CLANG_WARN_UNGUARDED_AVAILABILITY = YES_AGGRESSIVE;
				CLANG_WARN_UNREACHABLE_CODE = YES;
				CLANG_WARN__DUPLICATE_METHOD_MATCH = YES;
				COPY_PHASE_STRIP = NO;
				DEBUG_INFORMATION_FORMAT = dwarf;
				ENABLE_STRICT_OBJC_MSGSEND = YES;
				ENABLE_TESTABILITY = YES;
				GCC_C_LANGUAGE_STANDARD = gnu11;
				GCC_DYNAMIC_NO_PIC = NO;
				GCC_NO_COMMON_BLOCKS = YES;
				GCC_OPTIMIZATION_LEVEL = 0;
				GCC_PREPROCESSOR_DEFINITIONS = (
					"DEBUG=1",
					"$(inherited)",
				);
				GCC_WARN_64_TO_32_BIT_CONVERSION = YES;
				GCC_WARN_ABOUT_RETURN_TYPE = YES_ERROR;
				GCC_WARN_UNDECLARED_SELECTOR = YES;
				GCC_WARN_UNINITIALIZED_AUTOS = YES_AGGRESSIVE;
				GCC_WARN_UNUSED_FUNCTION = YES;
				GCC_WARN_UNUSED_VARIABLE = YES;
				MACOSX_DEPLOYMENT_TARGET = 11.1;
				MTL_ENABLE_DEBUG_INFO = INCLUDE_SOURCE;
				MTL_FAST_MATH = YES;
				ONLY_ACTIVE_ARCH = YES;
				SDKROOT = macosx;
				SWIFT_ACTIVE_COMPILATION_CONDITIONS = DEBUG;
				SWIFT_OPTIMIZATION_LEVEL = "-Onone";
			};
			name = Debug;
		};
		2A26A16927FD86DF006C511D /* Release */ = {
			isa = XCBuildConfiguration;
			buildSettings = {
				ALWAYS_SEARCH_USER_PATHS = NO;
				CLANG_ANALYZER_NONNULL = YES;
				CLANG_ANALYZER_NUMBER_OBJECT_CONVERSION = YES_AGGRESSIVE;
				CLANG_CXX_LANGUAGE_STANDARD = "gnu++14";
				CLANG_CXX_LIBRARY = "libc++";
				CLANG_ENABLE_MODULES = YES;
				CLANG_ENABLE_OBJC_ARC = YES;
				CLANG_ENABLE_OBJC_WEAK = YES;
				CLANG_WARN_BLOCK_CAPTURE_AUTORELEASING = YES;
				CLANG_WARN_BOOL_CONVERSION = YES;
				CLANG_WARN_COMMA = YES;
				CLANG_WARN_CONSTANT_CONVERSION = YES;
				CLANG_WARN_DEPRECATED_OBJC_IMPLEMENTATIONS = YES;
				CLANG_WARN_DIRECT_OBJC_ISA_USAGE = YES_ERROR;
				CLANG_WARN_DOCUMENTATION_COMMENTS = YES;
				CLANG_WARN_EMPTY_BODY = YES;
				CLANG_WARN_ENUM_CONVERSION = YES;
				CLANG_WARN_INFINITE_RECURSION = YES;
				CLANG_WARN_INT_CONVERSION = YES;
				CLANG_WARN_NON_LITERAL_NULL_CONVERSION = YES;
				CLANG_WARN_OBJC_IMPLICIT_RETAIN_SELF = YES;
				CLANG_WARN_OBJC_LITERAL_CONVERSION = YES;
				CLANG_WARN_OBJC_ROOT_CLASS = YES_ERROR;
				CLANG_WARN_QUOTED_INCLUDE_IN_FRAMEWORK_HEADER = YES;
				CLANG_WARN_RANGE_LOOP_ANALYSIS = YES;
				CLANG_WARN_STRICT_PROTOTYPES = YES;
				CLANG_WARN_SUSPICIOUS_MOVE = YES;
				CLANG_WARN_UNGUARDED_AVAILABILITY = YES_AGGRESSIVE;
				CLANG_WARN_UNREACHABLE_CODE = YES;
				CLANG_WARN__DUPLICATE_METHOD_MATCH = YES;
				COPY_PHASE_STRIP = NO;
				DEBUG_INFORMATION_FORMAT = "dwarf-with-dsym";
				ENABLE_NS_ASSERTIONS = NO;
				ENABLE_STRICT_OBJC_MSGSEND = YES;
				GCC_C_LANGUAGE_STANDARD = gnu11;
				GCC_NO_COMMON_BLOCKS = YES;
				GCC_WARN_64_TO_32_BIT_CONVERSION = YES;
				GCC_WARN_ABOUT_RETURN_TYPE = YES_ERROR;
				GCC_WARN_UNDECLARED_SELECTOR = YES;
				GCC_WARN_UNINITIALIZED_AUTOS = YES_AGGRESSIVE;
				GCC_WARN_UNUSED_FUNCTION = YES;
				GCC_WARN_UNUSED_VARIABLE = YES;
				MACOSX_DEPLOYMENT_TARGET = 11.1;
				MTL_ENABLE_DEBUG_INFO = NO;
				MTL_FAST_MATH = YES;
				SDKROOT = macosx;
				SWIFT_COMPILATION_MODE = wholemodule;
				SWIFT_OPTIMIZATION_LEVEL = "-O";
			};
			name = Release;
		};
		2A26A16B27FD86DF006C511D /* Debug */ = {
			isa = XCBuildConfiguration;
			baseConfigurationReference = E687712049452CF5B75A1690 /* Pods-MacOs.debug.xcconfig */;
			buildSettings = {
				ASSETCATALOG_COMPILER_APPICON_NAME = AppIcon;
				ASSETCATALOG_COMPILER_GLOBAL_ACCENT_COLOR_NAME = AccentColor;
				CODE_SIGN_ENTITLEMENTS = MacOs/MacOs.entitlements;
				CODE_SIGN_STYLE = Automatic;
				COMBINE_HIDPI_IMAGES = YES;
				DEVELOPMENT_ASSET_PATHS = "\"MacOs/Preview Content\"";
				ENABLE_PREVIEWS = YES;
				INFOPLIST_FILE = MacOs/Info.plist;
				LD_RUNPATH_SEARCH_PATHS = (
					"$(inherited)",
					"@executable_path/../Frameworks",
				);
				MACOSX_DEPLOYMENT_TARGET = 11.0;
				PRODUCT_BUNDLE_IDENTIFIER = Arcadix.MacOs;
				PRODUCT_NAME = "$(TARGET_NAME)";
				SWIFT_VERSION = 5.0;
			};
			name = Debug;
		};
		2A26A16C27FD86DF006C511D /* Release */ = {
			isa = XCBuildConfiguration;
			baseConfigurationReference = 77E1B67045846FE1FE36861B /* Pods-MacOs.release.xcconfig */;
			buildSettings = {
				ASSETCATALOG_COMPILER_APPICON_NAME = AppIcon;
				ASSETCATALOG_COMPILER_GLOBAL_ACCENT_COLOR_NAME = AccentColor;
				CODE_SIGN_ENTITLEMENTS = MacOs/MacOs.entitlements;
				CODE_SIGN_STYLE = Automatic;
				COMBINE_HIDPI_IMAGES = YES;
				DEVELOPMENT_ASSET_PATHS = "\"MacOs/Preview Content\"";
				ENABLE_PREVIEWS = YES;
				INFOPLIST_FILE = MacOs/Info.plist;
				LD_RUNPATH_SEARCH_PATHS = (
					"$(inherited)",
					"@executable_path/../Frameworks",
				);
				MACOSX_DEPLOYMENT_TARGET = 11.0;
				PRODUCT_BUNDLE_IDENTIFIER = Arcadix.MacOs;
				PRODUCT_NAME = "$(TARGET_NAME)";
				SWIFT_VERSION = 5.0;
			};
			name = Release;
		};
/* End XCBuildConfiguration section */

/* Begin XCConfigurationList section */
		2A26A15527FD86DD006C511D /* Build configuration list for PBXProject "MacOs" */ = {
			isa = XCConfigurationList;
			buildConfigurations = (
				2A26A16827FD86DF006C511D /* Debug */,
				2A26A16927FD86DF006C511D /* Release */,
			);
			defaultConfigurationIsVisible = 0;
			defaultConfigurationName = Release;
		};
		2A26A16A27FD86DF006C511D /* Build configuration list for PBXNativeTarget "MacOs" */ = {
			isa = XCConfigurationList;
			buildConfigurations = (
				2A26A16B27FD86DF006C511D /* Debug */,
				2A26A16C27FD86DF006C511D /* Release */,
			);
			defaultConfigurationIsVisible = 0;
			defaultConfigurationName = Release;
		};
/* End XCConfigurationList section */
	};
	rootObject = 2A26A15227FD86DD006C511D /* Project object */;
}
